
Microsoft Visual Studio Solution File, Format Version 12.00
# Visual Studio Version 17
VisualStudioVersion = 17.9.34723.18
MinimumVisualStudioVersion = 10.0.40219.1
Project("{9A19103F-16F7-4668-BE54-9A1E7A4F7556}") = "Review1", "Review1\Review1.csproj", "{21FF0465-F205-48E0-8D3F-FEAF5D4EEF27}"
EndProject
Project("{FAE04EC0-301F-11D3-BF4B-00C04F79EFBC}") = "NumberProblems", "NumberProblems\NumberProblems.csproj", "{D54E6830-C699-4639-92D3-EE531BDCA159}"
EndProject
Global
	GlobalSection(SolutionConfigurationPlatforms) = preSolution
		Debug|Any CPU = Debug|Any CPU
		Release|Any CPU = Release|Any CPU
	EndGlobalSection
	GlobalSection(ProjectConfigurationPlatforms) = postSolution
		{21FF0465-F205-48E0-8D3F-FEAF5D4EEF27}.Debug|Any CPU.ActiveCfg = Debug|Any CPU
		{21FF0465-F205-48E0-8D3F-FEAF5D4EEF27}.Debug|Any CPU.Build.0 = Debug|Any CPU
		{21FF0465-F205-48E0-8D3F-FEAF5D4EEF27}.Release|Any CPU.ActiveCfg = Release|Any CPU
		{21FF0465-F205-48E0-8D3F-FEAF5D4EEF27}.Release|Any CPU.Build.0 = Release|Any CPU
		{D54E6830-C699-4639-92D3-EE531BDCA159}.Debug|Any CPU.ActiveCfg = Debug|Any CPU
		{D54E6830-C699-4639-92D3-EE531BDCA159}.Debug|Any CPU.Build.0 = Debug|Any CPU
		{D54E6830-C699-4639-92D3-EE531BDCA159}.Release|Any CPU.ActiveCfg = Release|Any CPU
		{D54E6830-C699-4639-92D3-EE531BDCA159}.Release|Any CPU.Build.0 = Release|Any CPU
	EndGlobalSection
	GlobalSection(SolutionProperties) = preSolution
		HideSolutionNode = FALSE
	EndGlobalSection
	GlobalSection(ExtensibilityGlobals) = postSolution
		SolutionGuid = {C0DE1CCB-CF14-41BE-B1CB-438EABFD98C7}
	EndGlobalSection
EndGlobal
